// !$*UTF8*$!
{
	archiveVersion = 1;
	classes = {
	};
	objectVersion = 55;
	objects = {

/* Begin PBXBuildFile section */
		040CFD7327E8B36C00E45423 /* AppDelegate.swift in Sources */ = {isa = PBXBuildFile; fileRef = 040CFD7227E8B36C00E45423 /* AppDelegate.swift */; };
		040CFD7527E8B36C00E45423 /* SceneDelegate.swift in Sources */ = {isa = PBXBuildFile; fileRef = 040CFD7427E8B36C00E45423 /* SceneDelegate.swift */; };
		040CFD7727E8B36C00E45423 /* ViewController.swift in Sources */ = {isa = PBXBuildFile; fileRef = 040CFD7627E8B36C00E45423 /* ViewController.swift */; };
		040CFD7A27E8B36C00E45423 /* Main.storyboard in Resources */ = {isa = PBXBuildFile; fileRef = 040CFD7827E8B36C00E45423 /* Main.storyboard */; };
		040CFD7C27E8B37000E45423 /* Assets.xcassets in Resources */ = {isa = PBXBuildFile; fileRef = 040CFD7B27E8B37000E45423 /* Assets.xcassets */; };
		040CFD7F27E8B37000E45423 /* LaunchScreen.storyboard in Resources */ = {isa = PBXBuildFile; fileRef = 040CFD7D27E8B37000E45423 /* LaunchScreen.storyboard */; };
		040CFD8A27E8B37000E45423 /* BLEFIRSTSTEPTests.swift in Sources */ = {isa = PBXBuildFile; fileRef = 040CFD8927E8B37000E45423 /* BLEFIRSTSTEPTests.swift */; };
		040CFD9427E8B37000E45423 /* BLEFIRSTSTEPUITests.swift in Sources */ = {isa = PBXBuildFile; fileRef = 040CFD9327E8B37000E45423 /* BLEFIRSTSTEPUITests.swift */; };
		040CFD9627E8B37000E45423 /* BLEFIRSTSTEPUITestsLaunchTests.swift in Sources */ = {isa = PBXBuildFile; fileRef = 040CFD9527E8B37000E45423 /* BLEFIRSTSTEPUITestsLaunchTests.swift */; };
		040CFDA327E8B56100E45423 /* Utils.swift in Sources */ = {isa = PBXBuildFile; fileRef = 040CFDA227E8B56100E45423 /* Utils.swift */; };
		5A76CF27AFBF866DD1558C4A /* libPods-BLEFIRSTSTEP.a in Frameworks */ = {isa = PBXBuildFile; fileRef = AD9E917E762C4A1971C7F1C9 /* libPods-BLEFIRSTSTEP.a */; };
/* End PBXBuildFile section */

/* Begin PBXContainerItemProxy section */
		040CFD8627E8B37000E45423 /* PBXContainerItemProxy */ = {
			isa = PBXContainerItemProxy;
			containerPortal = 040CFD6727E8B36C00E45423 /* Project object */;
			proxyType = 1;
			remoteGlobalIDString = 040CFD6E27E8B36C00E45423;
			remoteInfo = BLEFIRSTSTEP;
		};
		040CFD9027E8B37000E45423 /* PBXContainerItemProxy */ = {
			isa = PBXContainerItemProxy;
			containerPortal = 040CFD6727E8B36C00E45423 /* Project object */;
			proxyType = 1;
			remoteGlobalIDString = 040CFD6E27E8B36C00E45423;
			remoteInfo = BLEFIRSTSTEP;
		};
/* End PBXContainerItemProxy section */

/* Begin PBXFileReference section */
		040CFD6F27E8B36C00E45423 /* BLEFIRSTSTEP.app */ = {isa = PBXFileReference; explicitFileType = wrapper.application; includeInIndex = 0; path = BLEFIRSTSTEP.app; sourceTree = BUILT_PRODUCTS_DIR; };
		040CFD7227E8B36C00E45423 /* AppDelegate.swift */ = {isa = PBXFileReference; lastKnownFileType = sourcecode.swift; path = AppDelegate.swift; sourceTree = "<group>"; };
		040CFD7427E8B36C00E45423 /* SceneDelegate.swift */ = {isa = PBXFileReference; lastKnownFileType = sourcecode.swift; path = SceneDelegate.swift; sourceTree = "<group>"; };
		040CFD7627E8B36C00E45423 /* ViewController.swift */ = {isa = PBXFileReference; lastKnownFileType = sourcecode.swift; path = ViewController.swift; sourceTree = "<group>"; };
		040CFD7927E8B36C00E45423 /* Base */ = {isa = PBXFileReference; lastKnownFileType = file.storyboard; name = Base; path = Base.lproj/Main.storyboard; sourceTree = "<group>"; };
		040CFD7B27E8B37000E45423 /* Assets.xcassets */ = {isa = PBXFileReference; lastKnownFileType = folder.assetcatalog; path = Assets.xcassets; sourceTree = "<group>"; };
		040CFD7E27E8B37000E45423 /* Base */ = {isa = PBXFileReference; lastKnownFileType = file.storyboard; name = Base; path = Base.lproj/LaunchScreen.storyboard; sourceTree = "<group>"; };
		040CFD8027E8B37000E45423 /* Info.plist */ = {isa = PBXFileReference; lastKnownFileType = text.plist.xml; path = Info.plist; sourceTree = "<group>"; };
		040CFD8527E8B37000E45423 /* BLEFIRSTSTEPTests.xctest */ = {isa = PBXFileReference; explicitFileType = wrapper.cfbundle; includeInIndex = 0; path = BLEFIRSTSTEPTests.xctest; sourceTree = BUILT_PRODUCTS_DIR; };
		040CFD8927E8B37000E45423 /* BLEFIRSTSTEPTests.swift */ = {isa = PBXFileReference; lastKnownFileType = sourcecode.swift; path = BLEFIRSTSTEPTests.swift; sourceTree = "<group>"; };
		040CFD8F27E8B37000E45423 /* BLEFIRSTSTEPUITests.xctest */ = {isa = PBXFileReference; explicitFileType = wrapper.cfbundle; includeInIndex = 0; path = BLEFIRSTSTEPUITests.xctest; sourceTree = BUILT_PRODUCTS_DIR; };
		040CFD9327E8B37000E45423 /* BLEFIRSTSTEPUITests.swift */ = {isa = PBXFileReference; lastKnownFileType = sourcecode.swift; path = BLEFIRSTSTEPUITests.swift; sourceTree = "<group>"; };
		040CFD9527E8B37000E45423 /* BLEFIRSTSTEPUITestsLaunchTests.swift */ = {isa = PBXFileReference; lastKnownFileType = sourcecode.swift; path = BLEFIRSTSTEPUITestsLaunchTests.swift; sourceTree = "<group>"; };
		040CFDA227E8B56100E45423 /* Utils.swift */ = {isa = PBXFileReference; lastKnownFileType = sourcecode.swift; path = Utils.swift; sourceTree = "<group>"; };
		22631B6714FFECE9C4320129 /* Pods-BLEFIRSTSTEP.release.xcconfig */ = {isa = PBXFileReference; includeInIndex = 1; lastKnownFileType = text.xcconfig; name = "Pods-BLEFIRSTSTEP.release.xcconfig"; path = "Target Support Files/Pods-BLEFIRSTSTEP/Pods-BLEFIRSTSTEP.release.xcconfig"; sourceTree = "<group>"; };
		646A38D93319FDDC6F3A7AF7 /* Pods-BLEFIRSTSTEP.debug.xcconfig */ = {isa = PBXFileReference; includeInIndex = 1; lastKnownFileType = text.xcconfig; name = "Pods-BLEFIRSTSTEP.debug.xcconfig"; path = "Target Support Files/Pods-BLEFIRSTSTEP/Pods-BLEFIRSTSTEP.debug.xcconfig"; sourceTree = "<group>"; };
		AD9E917E762C4A1971C7F1C9 /* libPods-BLEFIRSTSTEP.a */ = {isa = PBXFileReference; explicitFileType = archive.ar; includeInIndex = 0; path = "libPods-BLEFIRSTSTEP.a"; sourceTree = BUILT_PRODUCTS_DIR; };
/* End PBXFileReference section */

/* Begin PBXFrameworksBuildPhase section */
		040CFD6C27E8B36C00E45423 /* Frameworks */ = {
			isa = PBXFrameworksBuildPhase;
			buildActionMask = 2147483647;
			files = (
				5A76CF27AFBF866DD1558C4A /* libPods-BLEFIRSTSTEP.a in Frameworks */,
			);
			runOnlyForDeploymentPostprocessing = 0;
		};
		040CFD8227E8B37000E45423 /* Frameworks */ = {
			isa = PBXFrameworksBuildPhase;
			buildActionMask = 2147483647;
			files = (
			);
			runOnlyForDeploymentPostprocessing = 0;
		};
		040CFD8C27E8B37000E45423 /* Frameworks */ = {
			isa = PBXFrameworksBuildPhase;
			buildActionMask = 2147483647;
			files = (
			);
			runOnlyForDeploymentPostprocessing = 0;
		};
/* End PBXFrameworksBuildPhase section */

/* Begin PBXGroup section */
		040CFD6627E8B36C00E45423 = {
			isa = PBXGroup;
			children = (
				040CFD7127E8B36C00E45423 /* BLEFIRSTSTEP */,
				040CFD8827E8B37000E45423 /* BLEFIRSTSTEPTests */,
				040CFD9227E8B37000E45423 /* BLEFIRSTSTEPUITests */,
				040CFD7027E8B36C00E45423 /* Products */,
				B635574124CD32D9406A29EB /* Pods */,
				4347CF756DB0157D0EA13A95 /* Frameworks */,
			);
			sourceTree = "<group>";
		};
		040CFD7027E8B36C00E45423 /* Products */ = {
			isa = PBXGroup;
			children = (
				040CFD6F27E8B36C00E45423 /* BLEFIRSTSTEP.app */,
				040CFD8527E8B37000E45423 /* BLEFIRSTSTEPTests.xctest */,
				040CFD8F27E8B37000E45423 /* BLEFIRSTSTEPUITests.xctest */,
			);
			name = Products;
			sourceTree = "<group>";
		};
		040CFD7127E8B36C00E45423 /* BLEFIRSTSTEP */ = {
			isa = PBXGroup;
			children = (
				040CFD7227E8B36C00E45423 /* AppDelegate.swift */,
				040CFD7427E8B36C00E45423 /* SceneDelegate.swift */,
				040CFD7627E8B36C00E45423 /* ViewController.swift */,
				040CFD7827E8B36C00E45423 /* Main.storyboard */,
				040CFD7B27E8B37000E45423 /* Assets.xcassets */,
				040CFD7D27E8B37000E45423 /* LaunchScreen.storyboard */,
				040CFD8027E8B37000E45423 /* Info.plist */,
				040CFDA227E8B56100E45423 /* Utils.swift */,
			);
			path = BLEFIRSTSTEP;
			sourceTree = "<group>";
		};
		040CFD8827E8B37000E45423 /* BLEFIRSTSTEPTests */ = {
			isa = PBXGroup;
			children = (
				040CFD8927E8B37000E45423 /* BLEFIRSTSTEPTests.swift */,
			);
			path = BLEFIRSTSTEPTests;
			sourceTree = "<group>";
		};
		040CFD9227E8B37000E45423 /* BLEFIRSTSTEPUITests */ = {
			isa = PBXGroup;
			children = (
				040CFD9327E8B37000E45423 /* BLEFIRSTSTEPUITests.swift */,
				040CFD9527E8B37000E45423 /* BLEFIRSTSTEPUITestsLaunchTests.swift */,
			);
			path = BLEFIRSTSTEPUITests;
			sourceTree = "<group>";
		};
		4347CF756DB0157D0EA13A95 /* Frameworks */ = {
			isa = PBXGroup;
			children = (
				AD9E917E762C4A1971C7F1C9 /* libPods-BLEFIRSTSTEP.a */,
			);
			name = Frameworks;
			sourceTree = "<group>";
		};
		B635574124CD32D9406A29EB /* Pods */ = {
			isa = PBXGroup;
			children = (
				646A38D93319FDDC6F3A7AF7 /* Pods-BLEFIRSTSTEP.debug.xcconfig */,
				22631B6714FFECE9C4320129 /* Pods-BLEFIRSTSTEP.release.xcconfig */,
			);
			path = Pods;
			sourceTree = "<group>";
		};
/* End PBXGroup section */

/* Begin PBXNativeTarget section */
		040CFD6E27E8B36C00E45423 /* BLEFIRSTSTEP */ = {
			isa = PBXNativeTarget;
			buildConfigurationList = 040CFD9927E8B37000E45423 /* Build configuration list for PBXNativeTarget "BLEFIRSTSTEP" */;
			buildPhases = (
				70B22DCF21683E8875368F9E /* [CP] Check Pods Manifest.lock */,
				040CFD6B27E8B36C00E45423 /* Sources */,
				040CFD6C27E8B36C00E45423 /* Frameworks */,
				040CFD6D27E8B36C00E45423 /* Resources */,
			);
			buildRules = (
			);
			dependencies = (
			);
			name = BLEFIRSTSTEP;
			productName = BLEFIRSTSTEP;
			productReference = 040CFD6F27E8B36C00E45423 /* BLEFIRSTSTEP.app */;
			productType = "com.apple.product-type.application";
		};
		040CFD8427E8B37000E45423 /* BLEFIRSTSTEPTests */ = {
			isa = PBXNativeTarget;
			buildConfigurationList = 040CFD9C27E8B37000E45423 /* Build configuration list for PBXNativeTarget "BLEFIRSTSTEPTests" */;
			buildPhases = (
				040CFD8127E8B37000E45423 /* Sources */,
				040CFD8227E8B37000E45423 /* Frameworks */,
				040CFD8327E8B37000E45423 /* Resources */,
			);
			buildRules = (
			);
			dependencies = (
				040CFD8727E8B37000E45423 /* PBXTargetDependency */,
			);
			name = BLEFIRSTSTEPTests;
			productName = BLEFIRSTSTEPTests;
			productReference = 040CFD8527E8B37000E45423 /* BLEFIRSTSTEPTests.xctest */;
			productType = "com.apple.product-type.bundle.unit-test";
		};
		040CFD8E27E8B37000E45423 /* BLEFIRSTSTEPUITests */ = {
			isa = PBXNativeTarget;
			buildConfigurationList = 040CFD9F27E8B37000E45423 /* Build configuration list for PBXNativeTarget "BLEFIRSTSTEPUITests" */;
			buildPhases = (
				040CFD8B27E8B37000E45423 /* Sources */,
				040CFD8C27E8B37000E45423 /* Frameworks */,
				040CFD8D27E8B37000E45423 /* Resources */,
			);
			buildRules = (
			);
			dependencies = (
				040CFD9127E8B37000E45423 /* PBXTargetDependency */,
			);
			name = BLEFIRSTSTEPUITests;
			productName = BLEFIRSTSTEPUITests;
			productReference = 040CFD8F27E8B37000E45423 /* BLEFIRSTSTEPUITests.xctest */;
			productType = "com.apple.product-type.bundle.ui-testing";
		};
/* End PBXNativeTarget section */

/* Begin PBXProject section */
		040CFD6727E8B36C00E45423 /* Project object */ = {
			isa = PBXProject;
			attributes = {
				BuildIndependentTargetsInParallel = 1;
				LastSwiftUpdateCheck = 1330;
				LastUpgradeCheck = 1330;
				TargetAttributes = {
					040CFD6E27E8B36C00E45423 = {
						CreatedOnToolsVersion = 13.3;
					};
					040CFD8427E8B37000E45423 = {
						CreatedOnToolsVersion = 13.3;
						TestTargetID = 040CFD6E27E8B36C00E45423;
					};
					040CFD8E27E8B37000E45423 = {
						CreatedOnToolsVersion = 13.3;
						TestTargetID = 040CFD6E27E8B36C00E45423;
					};
				};
			};
			buildConfigurationList = 040CFD6A27E8B36C00E45423 /* Build configuration list for PBXProject "BLEFIRSTSTEP" */;
			compatibilityVersion = "Xcode 13.0";
			developmentRegion = en;
			hasScannedForEncodings = 0;
			knownRegions = (
				en,
				Base,
			);
			mainGroup = 040CFD6627E8B36C00E45423;
			productRefGroup = 040CFD7027E8B36C00E45423 /* Products */;
			projectDirPath = "";
			projectRoot = "";
			targets = (
				040CFD6E27E8B36C00E45423 /* BLEFIRSTSTEP */,
				040CFD8427E8B37000E45423 /* BLEFIRSTSTEPTests */,
				040CFD8E27E8B37000E45423 /* BLEFIRSTSTEPUITests */,
			);
		};
/* End PBXProject section */

/* Begin PBXResourcesBuildPhase section */
		040CFD6D27E8B36C00E45423 /* Resources */ = {
			isa = PBXResourcesBuildPhase;
			buildActionMask = 2147483647;
			files = (
				040CFD7F27E8B37000E45423 /* LaunchScreen.storyboard in Resources */,
				040CFD7C27E8B37000E45423 /* Assets.xcassets in Resources */,
				040CFD7A27E8B36C00E45423 /* Main.storyboard in Resources */,
			);
			runOnlyForDeploymentPostprocessing = 0;
		};
		040CFD8327E8B37000E45423 /* Resources */ = {
			isa = PBXResourcesBuildPhase;
			buildActionMask = 2147483647;
			files = (
			);
			runOnlyForDeploymentPostprocessing = 0;
		};
		040CFD8D27E8B37000E45423 /* Resources */ = {
			isa = PBXResourcesBuildPhase;
			buildActionMask = 2147483647;
			files = (
			);
			runOnlyForDeploymentPostprocessing = 0;
		};
/* End PBXResourcesBuildPhase section */

/* Begin PBXShellScriptBuildPhase section */
		70B22DCF21683E8875368F9E /* [CP] Check Pods Manifest.lock */ = {
			isa = PBXShellScriptBuildPhase;
			buildActionMask = 2147483647;
			files = (
			);
			inputFileListPaths = (
			);
			inputPaths = (
				"${PODS_PODFILE_DIR_PATH}/Podfile.lock",
				"${PODS_ROOT}/Manifest.lock",
			);
			name = "[CP] Check Pods Manifest.lock";
			outputFileListPaths = (
			);
			outputPaths = (
				"$(DERIVED_FILE_DIR)/Pods-BLEFIRSTSTEP-checkManifestLockResult.txt",
			);
			runOnlyForDeploymentPostprocessing = 0;
			shellPath = /bin/sh;
			shellScript = "diff \"${PODS_PODFILE_DIR_PATH}/Podfile.lock\" \"${PODS_ROOT}/Manifest.lock\" > /dev/null\nif [ $? != 0 ] ; then\n    # print error to STDERR\n    echo \"error: The sandbox is not in sync with the Podfile.lock. Run 'pod install' or update your CocoaPods installation.\" >&2\n    exit 1\nfi\n# This output is used by Xcode 'outputs' to avoid re-running this script phase.\necho \"SUCCESS\" > \"${SCRIPT_OUTPUT_FILE_0}\"\n";
			showEnvVarsInLog = 0;
		};
/* End PBXShellScriptBuildPhase section */

/* Begin PBXSourcesBuildPhase section */
		040CFD6B27E8B36C00E45423 /* Sources */ = {
			isa = PBXSourcesBuildPhase;
			buildActionMask = 2147483647;
			files = (
				040CFD7727E8B36C00E45423 /* ViewController.swift in Sources */,
				040CFD7327E8B36C00E45423 /* AppDelegate.swift in Sources */,
				040CFD7527E8B36C00E45423 /* SceneDelegate.swift in Sources */,
				040CFDA327E8B56100E45423 /* Utils.swift in Sources */,
			);
			runOnlyForDeploymentPostprocessing = 0;
		};
		040CFD8127E8B37000E45423 /* Sources */ = {
			isa = PBXSourcesBuildPhase;
			buildActionMask = 2147483647;
			files = (
				040CFD8A27E8B37000E45423 /* BLEFIRSTSTEPTests.swift in Sources */,
			);
			runOnlyForDeploymentPostprocessing = 0;
		};
		040CFD8B27E8B37000E45423 /* Sources */ = {
			isa = PBXSourcesBuildPhase;
			buildActionMask = 2147483647;
			files = (
				040CFD9427E8B37000E45423 /* BLEFIRSTSTEPUITests.swift in Sources */,
				040CFD9627E8B37000E45423 /* BLEFIRSTSTEPUITestsLaunchTests.swift in Sources */,
			);
			runOnlyForDeploymentPostprocessing = 0;
		};
/* End PBXSourcesBuildPhase section */

/* Begin PBXTargetDependency section */
		040CFD8727E8B37000E45423 /* PBXTargetDependency */ = {
			isa = PBXTargetDependency;
			target = 040CFD6E27E8B36C00E45423 /* BLEFIRSTSTEP */;
			targetProxy = 040CFD8627E8B37000E45423 /* PBXContainerItemProxy */;
		};
		040CFD9127E8B37000E45423 /* PBXTargetDependency */ = {
			isa = PBXTargetDependency;
			target = 040CFD6E27E8B36C00E45423 /* BLEFIRSTSTEP */;
			targetProxy = 040CFD9027E8B37000E45423 /* PBXContainerItemProxy */;
		};
/* End PBXTargetDependency section */

/* Begin PBXVariantGroup section */
		040CFD7827E8B36C00E45423 /* Main.storyboard */ = {
			isa = PBXVariantGroup;
			children = (
				040CFD7927E8B36C00E45423 /* Base */,
			);
			name = Main.storyboard;
			sourceTree = "<group>";
		};
		040CFD7D27E8B37000E45423 /* LaunchScreen.storyboard */ = {
			isa = PBXVariantGroup;
			children = (
				040CFD7E27E8B37000E45423 /* Base */,
			);
			name = LaunchScreen.storyboard;
			sourceTree = "<group>";
		};
/* End PBXVariantGroup section */

/* Begin XCBuildConfiguration section */
		040CFD9727E8B37000E45423 /* Debug */ = {
			isa = XCBuildConfiguration;
			buildSettings = {
				ALWAYS_SEARCH_USER_PATHS = NO;
				CLANG_ANALYZER_NONNULL = YES;
				CLANG_ANALYZER_NUMBER_OBJECT_CONVERSION = YES_AGGRESSIVE;
				CLANG_CXX_LANGUAGE_STANDARD = "gnu++17";
				CLANG_ENABLE_MODULES = YES;
				CLANG_ENABLE_OBJC_ARC = YES;
				CLANG_ENABLE_OBJC_WEAK = YES;
				CLANG_WARN_BLOCK_CAPTURE_AUTORELEASING = YES;
				CLANG_WARN_BOOL_CONVERSION = YES;
				CLANG_WARN_COMMA = YES;
				CLANG_WARN_CONSTANT_CONVERSION = YES;
				CLANG_WARN_DEPRECATED_OBJC_IMPLEMENTATIONS = YES;
				CLANG_WARN_DIRECT_OBJC_ISA_USAGE = YES_ERROR;
				CLANG_WARN_DOCUMENTATION_COMMENTS = YES;
				CLANG_WARN_EMPTY_BODY = YES;
				CLANG_WARN_ENUM_CONVERSION = YES;
				CLANG_WARN_INFINITE_RECURSION = YES;
				CLANG_WARN_INT_CONVERSION = YES;
				CLANG_WARN_NON_LITERAL_NULL_CONVERSION = YES;
				CLANG_WARN_OBJC_IMPLICIT_RETAIN_SELF = YES;
				CLANG_WARN_OBJC_LITERAL_CONVERSION = YES;
				CLANG_WARN_OBJC_ROOT_CLASS = YES_ERROR;
				CLANG_WARN_QUOTED_INCLUDE_IN_FRAMEWORK_HEADER = YES;
				CLANG_WARN_RANGE_LOOP_ANALYSIS = YES;
				CLANG_WARN_STRICT_PROTOTYPES = YES;
				CLANG_WARN_SUSPICIOUS_MOVE = YES;
				CLANG_WARN_UNGUARDED_AVAILABILITY = YES_AGGRESSIVE;
				CLANG_WARN_UNREACHABLE_CODE = YES;
				CLANG_WARN__DUPLICATE_METHOD_MATCH = YES;
				COPY_PHASE_STRIP = NO;
				DEBUG_INFORMATION_FORMAT = dwarf;
				ENABLE_STRICT_OBJC_MSGSEND = YES;
				ENABLE_TESTABILITY = YES;
				GCC_C_LANGUAGE_STANDARD = gnu11;
				GCC_DYNAMIC_NO_PIC = NO;
				GCC_NO_COMMON_BLOCKS = YES;
				GCC_OPTIMIZATION_LEVEL = 0;
				GCC_PREPROCESSOR_DEFINITIONS = (
					"DEBUG=1",
					"$(inherited)",
				);
				GCC_WARN_64_TO_32_BIT_CONVERSION = YES;
				GCC_WARN_ABOUT_RETURN_TYPE = YES_ERROR;
				GCC_WARN_UNDECLARED_SELECTOR = YES;
				GCC_WARN_UNINITIALIZED_AUTOS = YES_AGGRESSIVE;
				GCC_WARN_UNUSED_FUNCTION = YES;
				GCC_WARN_UNUSED_VARIABLE = YES;
				IPHONEOS_DEPLOYMENT_TARGET = 15.4;
				MTL_ENABLE_DEBUG_INFO = INCLUDE_SOURCE;
				MTL_FAST_MATH = YES;
				ONLY_ACTIVE_ARCH = YES;
				SDKROOT = iphoneos;
				SWIFT_ACTIVE_COMPILATION_CONDITIONS = DEBUG;
				SWIFT_OPTIMIZATION_LEVEL = "-Onone";
			};
			name = Debug;
		};
		040CFD9827E8B37000E45423 /* Release */ = {
			isa = XCBuildConfiguration;
			buildSettings = {
				ALWAYS_SEARCH_USER_PATHS = NO;
				CLANG_ANALYZER_NONNULL = YES;
				CLANG_ANALYZER_NUMBER_OBJECT_CONVERSION = YES_AGGRESSIVE;
				CLANG_CXX_LANGUAGE_STANDARD = "gnu++17";
				CLANG_ENABLE_MODULES = YES;
				CLANG_ENABLE_OBJC_ARC = YES;
				CLANG_ENABLE_OBJC_WEAK = YES;
				CLANG_WARN_BLOCK_CAPTURE_AUTORELEASING = YES;
				CLANG_WARN_BOOL_CONVERSION = YES;
				CLANG_WARN_COMMA = YES;
				CLANG_WARN_CONSTANT_CONVERSION = YES;
				CLANG_WARN_DEPRECATED_OBJC_IMPLEMENTATIONS = YES;
				CLANG_WARN_DIRECT_OBJC_ISA_USAGE = YES_ERROR;
				CLANG_WARN_DOCUMENTATION_COMMENTS = YES;
				CLANG_WARN_EMPTY_BODY = YES;
				CLANG_WARN_ENUM_CONVERSION = YES;
				CLANG_WARN_INFINITE_RECURSION = YES;
				CLANG_WARN_INT_CONVERSION = YES;
				CLANG_WARN_NON_LITERAL_NULL_CONVERSION = YES;
				CLANG_WARN_OBJC_IMPLICIT_RETAIN_SELF = YES;
				CLANG_WARN_OBJC_LITERAL_CONVERSION = YES;
				CLANG_WARN_OBJC_ROOT_CLASS = YES_ERROR;
				CLANG_WARN_QUOTED_INCLUDE_IN_FRAMEWORK_HEADER = YES;
				CLANG_WARN_RANGE_LOOP_ANALYSIS = YES;
				CLANG_WARN_STRICT_PROTOTYPES = YES;
				CLANG_WARN_SUSPICIOUS_MOVE = YES;
				CLANG_WARN_UNGUARDED_AVAILABILITY = YES_AGGRESSIVE;
				CLANG_WARN_UNREACHABLE_CODE = YES;
				CLANG_WARN__DUPLICATE_METHOD_MATCH = YES;
				COPY_PHASE_STRIP = NO;
				DEBUG_INFORMATION_FORMAT = "dwarf-with-dsym";
				ENABLE_NS_ASSERTIONS = NO;
				ENABLE_STRICT_OBJC_MSGSEND = YES;
				GCC_C_LANGUAGE_STANDARD = gnu11;
				GCC_NO_COMMON_BLOCKS = YES;
				GCC_WARN_64_TO_32_BIT_CONVERSION = YES;
				GCC_WARN_ABOUT_RETURN_TYPE = YES_ERROR;
				GCC_WARN_UNDECLARED_SELECTOR = YES;
				GCC_WARN_UNINITIALIZED_AUTOS = YES_AGGRESSIVE;
				GCC_WARN_UNUSED_FUNCTION = YES;
				GCC_WARN_UNUSED_VARIABLE = YES;
				IPHONEOS_DEPLOYMENT_TARGET = 15.4;
				MTL_ENABLE_DEBUG_INFO = NO;
				MTL_FAST_MATH = YES;
				SDKROOT = iphoneos;
				SWIFT_COMPILATION_MODE = wholemodule;
				SWIFT_OPTIMIZATION_LEVEL = "-O";
				VALIDATE_PRODUCT = YES;
			};
			name = Release;
		};
		040CFD9A27E8B37000E45423 /* Debug */ = {
			isa = XCBuildConfiguration;
			baseConfigurationReference = 646A38D93319FDDC6F3A7AF7 /* Pods-BLEFIRSTSTEP.debug.xcconfig */;
			buildSettings = {
				ASSETCATALOG_COMPILER_APPICON_NAME = AppIcon;
				ASSETCATALOG_COMPILER_GLOBAL_ACCENT_COLOR_NAME = AccentColor;
				CODE_SIGN_STYLE = Automatic;
				CURRENT_PROJECT_VERSION = 1;
				DEVELOPMENT_TEAM = 2BJ4272MRL;
				GENERATE_INFOPLIST_FILE = YES;
				INFOPLIST_FILE = BLEFIRSTSTEP/Info.plist;
				INFOPLIST_KEY_UIApplicationSupportsIndirectInputEvents = YES;
				INFOPLIST_KEY_UILaunchStoryboardName = LaunchScreen;
				INFOPLIST_KEY_UIMainStoryboardFile = Main;
				INFOPLIST_KEY_UISupportedInterfaceOrientations_iPad = "UIInterfaceOrientationPortrait UIInterfaceOrientationPortraitUpsideDown UIInterfaceOrientationLandscapeLeft UIInterfaceOrientationLandscapeRight";
				INFOPLIST_KEY_UISupportedInterfaceOrientations_iPhone = "UIInterfaceOrientationPortrait UIInterfaceOrientationLandscapeLeft UIInterfaceOrientationLandscapeRight";
				LD_RUNPATH_SEARCH_PATHS = (
					"$(inherited)",
					"@executable_path/Frameworks",
				);
				MARKETING_VERSION = 1.0;
				PRODUCT_BUNDLE_IDENTIFIER = actia.BLEFIRSTSTEP;
				PRODUCT_NAME = "$(TARGET_NAME)";
				SWIFT_EMIT_LOC_STRINGS = YES;
				SWIFT_VERSION = 5.0;
				TARGETED_DEVICE_FAMILY = "1,2";
			};
			name = Debug;
		};
		040CFD9B27E8B37000E45423 /* Release */ = {
			isa = XCBuildConfiguration;
			baseConfigurationReference = 22631B6714FFECE9C4320129 /* Pods-BLEFIRSTSTEP.release.xcconfig */;
			buildSettings = {
				ASSETCATALOG_COMPILER_APPICON_NAME = AppIcon;
				ASSETCATALOG_COMPILER_GLOBAL_ACCENT_COLOR_NAME = AccentColor;
				CODE_SIGN_STYLE = Automatic;
				CURRENT_PROJECT_VERSION = 1;
				DEVELOPMENT_TEAM = 2BJ4272MRL;
				GENERATE_INFOPLIST_FILE = YES;
				INFOPLIST_FILE = BLEFIRSTSTEP/Info.plist;
				INFOPLIST_KEY_UIApplicationSupportsIndirectInputEvents = YES;
				INFOPLIST_KEY_UILaunchStoryboardName = LaunchScreen;
				INFOPLIST_KEY_UIMainStoryboardFile = Main;
				INFOPLIST_KEY_UISupportedInterfaceOrientations_iPad = "UIInterfaceOrientationPortrait UIInterfaceOrientationPortraitUpsideDown UIInterfaceOrientationLandscapeLeft UIInterfaceOrientationLandscapeRight";
				INFOPLIST_KEY_UISupportedInterfaceOrientations_iPhone = "UIInterfaceOrientationPortrait UIInterfaceOrientationLandscapeLeft UIInterfaceOrientationLandscapeRight";
				LD_RUNPATH_SEARCH_PATHS = (
					"$(inherited)",
					"@executable_path/Frameworks",
				);
				MARKETING_VERSION = 1.0;
				PRODUCT_BUNDLE_IDENTIFIER = actia.BLEFIRSTSTEP;
				PRODUCT_NAME = "$(TARGET_NAME)";
				SWIFT_EMIT_LOC_STRINGS = YES;
				SWIFT_VERSION = 5.0;
				TARGETED_DEVICE_FAMILY = "1,2";
			};
			name = Release;
		};
		040CFD9D27E8B37000E45423 /* Debug */ = {
			isa = XCBuildConfiguration;
			buildSettings = {
				ALWAYS_EMBED_SWIFT_STANDARD_LIBRARIES = YES;
				BUNDLE_LOADER = "$(TEST_HOST)";
				CODE_SIGN_STYLE = Automatic;
				CURRENT_PROJECT_VERSION = 1;
				DEVELOPMENT_TEAM = 2BJ4272MRL;
				GENERATE_INFOPLIST_FILE = YES;
				IPHONEOS_DEPLOYMENT_TARGET = 15.4;
				MARKETING_VERSION = 1.0;
				PRODUCT_BUNDLE_IDENTIFIER = actia.BLEFIRSTSTEPTests;
				PRODUCT_NAME = "$(TARGET_NAME)";
				SWIFT_EMIT_LOC_STRINGS = NO;
				SWIFT_VERSION = 5.0;
				TARGETED_DEVICE_FAMILY = "1,2";
				TEST_HOST = "$(BUILT_PRODUCTS_DIR)/BLEFIRSTSTEP.app/BLEFIRSTSTEP";
			};
			name = Debug;
		};
		040CFD9E27E8B37000E45423 /* Release */ = {
			isa = XCBuildConfiguration;
			buildSettings = {
				ALWAYS_EMBED_SWIFT_STANDARD_LIBRARIES = YES;
				BUNDLE_LOADER = "$(TEST_HOST)";
				CODE_SIGN_STYLE = Automatic;
				CURRENT_PROJECT_VERSION = 1;
				DEVELOPMENT_TEAM = 2BJ4272MRL;
				GENERATE_INFOPLIST_FILE = YES;
				IPHONEOS_DEPLOYMENT_TARGET = 15.4;
				MARKETING_VERSION = 1.0;
				PRODUCT_BUNDLE_IDENTIFIER = actia.BLEFIRSTSTEPTests;
				PRODUCT_NAME = "$(TARGET_NAME)";
				SWIFT_EMIT_LOC_STRINGS = NO;
				SWIFT_VERSION = 5.0;
				TARGETED_DEVICE_FAMILY = "1,2";
				TEST_HOST = "$(BUILT_PRODUCTS_DIR)/BLEFIRSTSTEP.app/BLEFIRSTSTEP";
			};
			name = Release;
		};
		040CFDA027E8B37000E45423 /* Debug */ = {
			isa = XCBuildConfiguration;
			buildSettings = {
				ALWAYS_EMBED_SWIFT_STANDARD_LIBRARIES = YES;
				CODE_SIGN_STYLE = Automatic;
				CURRENT_PROJECT_VERSION = 1;
				DEVELOPMENT_TEAM = 2BJ4272MRL;
				GENERATE_INFOPLIST_FILE = YES;
				MARKETING_VERSION = 1.0;
				PRODUCT_BUNDLE_IDENTIFIER = actia.BLEFIRSTSTEPUITests;
				PRODUCT_NAME = "$(TARGET_NAME)";
				SWIFT_EMIT_LOC_STRINGS = NO;
				SWIFT_VERSION = 5.0;
				TARGETED_DEVICE_FAMILY = "1,2";
				TEST_TARGET_NAME = BLEFIRSTSTEP;
			};
			name = Debug;
		};
		040CFDA127E8B37000E45423 /* Release */ = {
			isa = XCBuildConfiguration;
			buildSettings = {
				ALWAYS_EMBED_SWIFT_STANDARD_LIBRARIES = YES;
				CODE_SIGN_STYLE = Automatic;
				CURRENT_PROJECT_VERSION = 1;
				DEVELOPMENT_TEAM = 2BJ4272MRL;
				GENERATE_INFOPLIST_FILE = YES;
				MARKETING_VERSION = 1.0;
				PRODUCT_BUNDLE_IDENTIFIER = actia.BLEFIRSTSTEPUITests;
				PRODUCT_NAME = "$(TARGET_NAME)";
				SWIFT_EMIT_LOC_STRINGS = NO;
				SWIFT_VERSION = 5.0;
				TARGETED_DEVICE_FAMILY = "1,2";
				TEST_TARGET_NAME = BLEFIRSTSTEP;
			};
			name = Release;
		};
/* End XCBuildConfiguration section */

/* Begin XCConfigurationList section */
		040CFD6A27E8B36C00E45423 /* Build configuration list for PBXProject "BLEFIRSTSTEP" */ = {
			isa = XCConfigurationList;
			buildConfigurations = (
				040CFD9727E8B37000E45423 /* Debug */,
				040CFD9827E8B37000E45423 /* Release */,
			);
			defaultConfigurationIsVisible = 0;
			defaultConfigurationName = Release;
		};
		040CFD9927E8B37000E45423 /* Build configuration list for PBXNativeTarget "BLEFIRSTSTEP" */ = {
			isa = XCConfigurationList;
			buildConfigurations = (
				040CFD9A27E8B37000E45423 /* Debug */,
				040CFD9B27E8B37000E45423 /* Release */,
			);
			defaultConfigurationIsVisible = 0;
			defaultConfigurationName = Release;
		};
		040CFD9C27E8B37000E45423 /* Build configuration list for PBXNativeTarget "BLEFIRSTSTEPTests" */ = {
			isa = XCConfigurationList;
			buildConfigurations = (
				040CFD9D27E8B37000E45423 /* Debug */,
				040CFD9E27E8B37000E45423 /* Release */,
			);
			defaultConfigurationIsVisible = 0;
			defaultConfigurationName = Release;
		};
		040CFD9F27E8B37000E45423 /* Build configuration list for PBXNativeTarget "BLEFIRSTSTEPUITests" */ = {
			isa = XCConfigurationList;
			buildConfigurations = (
				040CFDA027E8B37000E45423 /* Debug */,
				040CFDA127E8B37000E45423 /* Release */,
			);
			defaultConfigurationIsVisible = 0;
			defaultConfigurationName = Release;
		};
/* End XCConfigurationList section */
	};
	rootObject = 040CFD6727E8B36C00E45423 /* Project object */;
}
